
Microsoft Visual Studio Solution File, Format Version 12.00
# Visual Studio 15
VisualStudioVersion = 15.0.28010.2046
MinimumVisualStudioVersion = 10.0.40219.1
Project("{FAE04EC0-301F-11D3-BF4B-00C04F79EFBC}") = "NDS Header Reader", "NDS Header Reader\NDS Header Reader.csproj", "{225F5A2E-E8FF-4DC9-B7BC-0EA095911E1C}"
EndProject
Global
	GlobalSection(SolutionConfigurationPlatforms) = preSolution
		Debug|Any CPU = Debug|Any CPU
		Release|Any CPU = Release|Any CPU
	EndGlobalSection
	GlobalSection(ProjectConfigurationPlatforms) = postSolution
		{225F5A2E-E8FF-4DC9-B7BC-0EA095911E1C}.Debug|Any CPU.ActiveCfg = Debug|Any CPU
		{225F5A2E-E8FF-4DC9-B7BC-0EA095911E1C}.Debug|Any CPU.Build.0 = Debug|Any CPU
		{225F5A2E-E8FF-4DC9-B7BC-0EA095911E1C}.Release|Any CPU.ActiveCfg = Release|Any CPU
		{225F5A2E-E8FF-4DC9-B7BC-0EA095911E1C}.Release|Any CPU.Build.0 = Release|Any CPU
	EndGlobalSection
	GlobalSection(SolutionProperties) = preSolution
		HideSolutionNode = FALSE
	EndGlobalSection
	GlobalSection(ExtensibilityGlobals) = postSolution
		SolutionGuid = {576F7CB3-076A-47A2-82A2-725E305A6AE7}
	EndGlobalSection
EndGlobal
